# This file is autogenerated, do not edit; changes may be undone by the next 'dep ensure'.


[[projects]]
  digest = "1:8e61458e9fd6d83dbc2d9796534e180e5bf478b1845b25dd2bf5e52b116c52c3"
  name = "github.com/golang/protobuf"
  packages = [
    "proto",
    "ptypes/any",
  ]
  pruneopts = "UT"
  revision = "aa810b61a9c79d51363740d207bb46cf8e620ed5"
  version = "v1.2.0"

[solve-meta]
  analyzer-name = "dep"
  analyzer-version = 1
  input-imports = ["github.com/golang/protobuf/ptypes/any"]
  solver-name = "gps-cdcl"
  solver-version = 1
